
Microsoft Visual Studio Solution File, Format Version 12.00
# Visual Studio Version 16
VisualStudioVersion = 16.0.30717.126
MinimumVisualStudioVersion = 10.0.40219.1
Project("{FAE04EC0-301F-11D3-BF4B-00C04F79EFBC}") = "lesson1", "lesson1\lesson1.csproj", "{DCFE5567-4A86-4CE1-95C0-10BBF706D707}"
EndProject
Global
	GlobalSection(SolutionConfigurationPlatforms) = preSolution
		Debug|Any CPU = Debug|Any CPU
		Release|Any CPU = Release|Any CPU
	EndGlobalSection
	GlobalSection(ProjectConfigurationPlatforms) = postSolution
		{DCFE5567-4A86-4CE1-95C0-10BBF706D707}.Debug|Any CPU.ActiveCfg = Debug|Any CPU
		{DCFE5567-4A86-4CE1-95C0-10BBF706D707}.Debug|Any CPU.Build.0 = Debug|Any CPU
		{DCFE5567-4A86-4CE1-95C0-10BBF706D707}.Release|Any CPU.ActiveCfg = Release|Any CPU
		{DCFE5567-4A86-4CE1-95C0-10BBF706D707}.Release|Any CPU.Build.0 = Release|Any CPU
	EndGlobalSection
	GlobalSection(SolutionProperties) = preSolution
		HideSolutionNode = FALSE
	EndGlobalSection
	GlobalSection(ExtensibilityGlobals) = postSolution
		SolutionGuid = {672731DC-31FB-4A00-B1F6-D532F23892B7}
	EndGlobalSection
EndGlobal
